
Microsoft Visual Studio Solution File, Format Version 12.00
# Visual Studio 2013
VisualStudioVersion = 12.0.31101.0
MinimumVisualStudioVersion = 10.0.40219.1
Project("{FAE04EC0-301F-11D3-BF4B-00C04F79EFBC}") = "OpenGL.UI", "gui4opengl\OpenGL.UI.csproj", "{87396D4A-144F-402E-AC9A-42205B8A3312}"
EndProject
Project("{2150E333-8FDC-42A3-9474-1A3956D46DE8}") = "Examples", "Examples", "{4A504611-254E-437F-BE9A-1CB60BFDB84A}"
EndProject
Project("{FAE04EC0-301F-11D3-BF4B-00C04F79EFBC}") = "Example1", "Examples\Example1\Example1.csproj", "{5070145C-AB03-4187-BE76-6D51D4863D31}"
EndProject
Project("{FAE04EC0-301F-11D3-BF4B-00C04F79EFBC}") = "Example2", "Examples\Example2\Example2.csproj", "{33B932D1-7CAF-46DE-B09C-8B1DB74D15C2}"
EndProject
Project("{FAE04EC0-301F-11D3-BF4B-00C04F79EFBC}") = "Example3", "Examples\Example3\Example3.csproj", "{DE1F758D-9B4A-4703-9892-26453C1C367F}"
EndProject
Project("{FAE04EC0-301F-11D3-BF4B-00C04F79EFBC}") = "Example4", "Examples\Example4\Example4.csproj", "{F978B1DF-7024-4C2A-BD4A-4329E27E80C2}"
EndProject
Project("{FAE04EC0-301F-11D3-BF4B-00C04F79EFBC}") = "Example5", "Examples\Example5\Example5.csproj", "{12E9B22D-A980-42F0-8525-AB57E68BBD69}"
EndProject
Project("{FAE04EC0-301F-11D3-BF4B-00C04F79EFBC}") = "Example6", "Examples\Example6\Example6.csproj", "{E6DB0C4C-8422-4B6E-B65F-EEC6D542F34E}"
EndProject
Project("{FAE04EC0-301F-11D3-BF4B-00C04F79EFBC}") = "Example7", "Examples\Example7\Example7.csproj", "{6E669197-102A-44BB-BE28-39C48BAEBA38}"
EndProject
Global
	GlobalSection(SolutionConfigurationPlatforms) = preSolution
		Debug|Any CPU = Debug|Any CPU
		Release|Any CPU = Release|Any CPU
	EndGlobalSection
	GlobalSection(ProjectConfigurationPlatforms) = postSolution
		{87396D4A-144F-402E-AC9A-42205B8A3312}.Debug|Any CPU.ActiveCfg = Debug|Any CPU
		{87396D4A-144F-402E-AC9A-42205B8A3312}.Debug|Any CPU.Build.0 = Debug|Any CPU
		{87396D4A-144F-402E-AC9A-42205B8A3312}.Release|Any CPU.ActiveCfg = Release|Any CPU
		{87396D4A-144F-402E-AC9A-42205B8A3312}.Release|Any CPU.Build.0 = Release|Any CPU
		{5070145C-AB03-4187-BE76-6D51D4863D31}.Debug|Any CPU.ActiveCfg = Debug|Any CPU
		{5070145C-AB03-4187-BE76-6D51D4863D31}.Debug|Any CPU.Build.0 = Debug|Any CPU
		{5070145C-AB03-4187-BE76-6D51D4863D31}.Release|Any CPU.ActiveCfg = Release|Any CPU
		{5070145C-AB03-4187-BE76-6D51D4863D31}.Release|Any CPU.Build.0 = Release|Any CPU
		{33B932D1-7CAF-46DE-B09C-8B1DB74D15C2}.Debug|Any CPU.ActiveCfg = Debug|Any CPU
		{33B932D1-7CAF-46DE-B09C-8B1DB74D15C2}.Debug|Any CPU.Build.0 = Debug|Any CPU
		{33B932D1-7CAF-46DE-B09C-8B1DB74D15C2}.Release|Any CPU.ActiveCfg = Release|Any CPU
		{33B932D1-7CAF-46DE-B09C-8B1DB74D15C2}.Release|Any CPU.Build.0 = Release|Any CPU
		{DE1F758D-9B4A-4703-9892-26453C1C367F}.Debug|Any CPU.ActiveCfg = Debug|Any CPU
		{DE1F758D-9B4A-4703-9892-26453C1C367F}.Debug|Any CPU.Build.0 = Debug|Any CPU
		{DE1F758D-9B4A-4703-9892-26453C1C367F}.Release|Any CPU.ActiveCfg = Release|Any CPU
		{DE1F758D-9B4A-4703-9892-26453C1C367F}.Release|Any CPU.Build.0 = Release|Any CPU
		{F978B1DF-7024-4C2A-BD4A-4329E27E80C2}.Debug|Any CPU.ActiveCfg = Debug|Any CPU
		{F978B1DF-7024-4C2A-BD4A-4329E27E80C2}.Debug|Any CPU.Build.0 = Debug|Any CPU
		{F978B1DF-7024-4C2A-BD4A-4329E27E80C2}.Release|Any CPU.ActiveCfg = Release|Any CPU
		{F978B1DF-7024-4C2A-BD4A-4329E27E80C2}.Release|Any CPU.Build.0 = Release|Any CPU
		{12E9B22D-A980-42F0-8525-AB57E68BBD69}.Debug|Any CPU.ActiveCfg = Debug|Any CPU
		{12E9B22D-A980-42F0-8525-AB57E68BBD69}.Debug|Any CPU.Build.0 = Debug|Any CPU
		{12E9B22D-A980-42F0-8525-AB57E68BBD69}.Release|Any CPU.ActiveCfg = Release|Any CPU
		{12E9B22D-A980-42F0-8525-AB57E68BBD69}.Release|Any CPU.Build.0 = Release|Any CPU
		{E6DB0C4C-8422-4B6E-B65F-EEC6D542F34E}.Debug|Any CPU.ActiveCfg = Debug|Any CPU
		{E6DB0C4C-8422-4B6E-B65F-EEC6D542F34E}.Debug|Any CPU.Build.0 = Debug|Any CPU
		{E6DB0C4C-8422-4B6E-B65F-EEC6D542F34E}.Release|Any CPU.ActiveCfg = Release|Any CPU
		{E6DB0C4C-8422-4B6E-B65F-EEC6D542F34E}.Release|Any CPU.Build.0 = Release|Any CPU
		{6E669197-102A-44BB-BE28-39C48BAEBA38}.Debug|Any CPU.ActiveCfg = Debug|Any CPU
		{6E669197-102A-44BB-BE28-39C48BAEBA38}.Debug|Any CPU.Build.0 = Debug|Any CPU
		{6E669197-102A-44BB-BE28-39C48BAEBA38}.Release|Any CPU.ActiveCfg = Release|Any CPU
		{6E669197-102A-44BB-BE28-39C48BAEBA38}.Release|Any CPU.Build.0 = Release|Any CPU
	EndGlobalSection
	GlobalSection(SolutionProperties) = preSolution
		HideSolutionNode = FALSE
	EndGlobalSection
	GlobalSection(NestedProjects) = preSolution
		{5070145C-AB03-4187-BE76-6D51D4863D31} = {4A504611-254E-437F-BE9A-1CB60BFDB84A}
		{33B932D1-7CAF-46DE-B09C-8B1DB74D15C2} = {4A504611-254E-437F-BE9A-1CB60BFDB84A}
		{DE1F758D-9B4A-4703-9892-26453C1C367F} = {4A504611-254E-437F-BE9A-1CB60BFDB84A}
		{F978B1DF-7024-4C2A-BD4A-4329E27E80C2} = {4A504611-254E-437F-BE9A-1CB60BFDB84A}
		{12E9B22D-A980-42F0-8525-AB57E68BBD69} = {4A504611-254E-437F-BE9A-1CB60BFDB84A}
		{E6DB0C4C-8422-4B6E-B65F-EEC6D542F34E} = {4A504611-254E-437F-BE9A-1CB60BFDB84A}
		{6E669197-102A-44BB-BE28-39C48BAEBA38} = {4A504611-254E-437F-BE9A-1CB60BFDB84A}
	EndGlobalSection
EndGlobal
